
Microsoft Visual Studio Solution File, Format Version 12.00
# Visual Studio 15
VisualStudioVersion = 15.0.26403.7
MinimumVisualStudioVersion = 10.0.40219.1
Project("{FAE04EC0-301F-11D3-BF4B-00C04F79EFBC}") = "Vivo.web", "Vivo.web\Vivo.web.csproj", "{716837AF-ECEE-4D78-B4C0-69EBB6E33FE1}"
	ProjectSection(ProjectDependencies) = postProject
		{D38CB307-42A4-458E-8BA3-AADE60E37D6D} = {D38CB307-42A4-458E-8BA3-AADE60E37D6D}
		{652CAB5E-1EF9-40A8-9ADA-A2EA6B9FA124} = {652CAB5E-1EF9-40A8-9ADA-A2EA6B9FA124}
		{69C5396A-54EE-45CB-BB7C-3F4E74B7FD4B} = {69C5396A-54EE-45CB-BB7C-3F4E74B7FD4B}
		{206006AC-9FB8-44C6-A9E6-FC0AC3D00D10} = {206006AC-9FB8-44C6-A9E6-FC0AC3D00D10}
	EndProjectSection
EndProject
Project("{FAE04EC0-301F-11D3-BF4B-00C04F79EFBC}") = "Tool", "Tool\Tool.csproj", "{D38CB307-42A4-458E-8BA3-AADE60E37D6D}"
EndProject
Project("{FAE04EC0-301F-11D3-BF4B-00C04F79EFBC}") = "Vivo.Model", "Vivo.Model\Vivo.Model.csproj", "{652CAB5E-1EF9-40A8-9ADA-A2EA6B9FA124}"
EndProject
Project("{2150E333-8FDC-42A3-9474-1A3956D46DE8}") = "BLL", "BLL", "{1365B883-F29A-4C5F-A27E-BFD63A981B75}"
EndProject
Project("{2150E333-8FDC-42A3-9474-1A3956D46DE8}") = "DAL", "DAL", "{727D9BA0-2C7A-42E4-981C-58DC9EB017A4}"
EndProject
Project("{FAE04EC0-301F-11D3-BF4B-00C04F79EFBC}") = "Vivo.IDAL", "Vivo.IDAL\Vivo.IDAL.csproj", "{013FE2DD-FA23-4AF9-96A5-C29D930AEC26}"
	ProjectSection(ProjectDependencies) = postProject
		{652CAB5E-1EF9-40A8-9ADA-A2EA6B9FA124} = {652CAB5E-1EF9-40A8-9ADA-A2EA6B9FA124}
	EndProjectSection
EndProject
Project("{FAE04EC0-301F-11D3-BF4B-00C04F79EFBC}") = "Vivo.DAL", "Vivo.DAL\Vivo.DAL.csproj", "{4E0D8FEC-05CF-4326-8065-13AD3C521A2B}"
	ProjectSection(ProjectDependencies) = postProject
		{652CAB5E-1EF9-40A8-9ADA-A2EA6B9FA124} = {652CAB5E-1EF9-40A8-9ADA-A2EA6B9FA124}
		{013FE2DD-FA23-4AF9-96A5-C29D930AEC26} = {013FE2DD-FA23-4AF9-96A5-C29D930AEC26}
	EndProjectSection
EndProject
Project("{FAE04EC0-301F-11D3-BF4B-00C04F79EFBC}") = "Vivo.DALFactory", "Vivo.DALFactory\Vivo.DALFactory.csproj", "{E2F49915-7A1E-42B6-BA21-3896E3AD8ACA}"
	ProjectSection(ProjectDependencies) = postProject
		{652CAB5E-1EF9-40A8-9ADA-A2EA6B9FA124} = {652CAB5E-1EF9-40A8-9ADA-A2EA6B9FA124}
		{013FE2DD-FA23-4AF9-96A5-C29D930AEC26} = {013FE2DD-FA23-4AF9-96A5-C29D930AEC26}
		{4E0D8FEC-05CF-4326-8065-13AD3C521A2B} = {4E0D8FEC-05CF-4326-8065-13AD3C521A2B}
	EndProjectSection
EndProject
Project("{FAE04EC0-301F-11D3-BF4B-00C04F79EFBC}") = "Vivo.IBLL", "Vivo.IBLL\Vivo.IBLL.csproj", "{69C5396A-54EE-45CB-BB7C-3F4E74B7FD4B}"
	ProjectSection(ProjectDependencies) = postProject
		{652CAB5E-1EF9-40A8-9ADA-A2EA6B9FA124} = {652CAB5E-1EF9-40A8-9ADA-A2EA6B9FA124}
	EndProjectSection
EndProject
Project("{FAE04EC0-301F-11D3-BF4B-00C04F79EFBC}") = "Vivo.BLL", "Vivo.BLL\Vivo.BLL.csproj", "{ADE32C7F-3B76-49E6-9A9B-40BF5F288D71}"
	ProjectSection(ProjectDependencies) = postProject
		{E2F49915-7A1E-42B6-BA21-3896E3AD8ACA} = {E2F49915-7A1E-42B6-BA21-3896E3AD8ACA}
		{652CAB5E-1EF9-40A8-9ADA-A2EA6B9FA124} = {652CAB5E-1EF9-40A8-9ADA-A2EA6B9FA124}
		{69C5396A-54EE-45CB-BB7C-3F4E74B7FD4B} = {69C5396A-54EE-45CB-BB7C-3F4E74B7FD4B}
		{013FE2DD-FA23-4AF9-96A5-C29D930AEC26} = {013FE2DD-FA23-4AF9-96A5-C29D930AEC26}
	EndProjectSection
EndProject
Project("{FAE04EC0-301F-11D3-BF4B-00C04F79EFBC}") = "Vivo.BLLFactory", "Vivo.BLLFactory\Vivo.BLLFactory.csproj", "{206006AC-9FB8-44C6-A9E6-FC0AC3D00D10}"
	ProjectSection(ProjectDependencies) = postProject
		{652CAB5E-1EF9-40A8-9ADA-A2EA6B9FA124} = {652CAB5E-1EF9-40A8-9ADA-A2EA6B9FA124}
		{69C5396A-54EE-45CB-BB7C-3F4E74B7FD4B} = {69C5396A-54EE-45CB-BB7C-3F4E74B7FD4B}
		{ADE32C7F-3B76-49E6-9A9B-40BF5F288D71} = {ADE32C7F-3B76-49E6-9A9B-40BF5F288D71}
	EndProjectSection
EndProject
Project("{FAE04EC0-301F-11D3-BF4B-00C04F79EFBC}") = "Vivo.APIClient", "Vivo.APIClient\Vivo.APIClient.csproj", "{E3AE36CB-24DA-4B0B-B917-9D2817DDC36A}"
EndProject
Project("{FAE04EC0-301F-11D3-BF4B-00C04F79EFBC}") = "WeiXin.APIClient", "WeiXin.APIClient\WeiXin.APIClient.csproj", "{A5DA91FE-E8C7-4B2F-82A7-B96475EC5D16}"
EndProject
Project("{FAE04EC0-301F-11D3-BF4B-00C04F79EFBC}") = "Vivo.API", "Vivo.API\Vivo.API.csproj", "{1C740388-DA8D-4965-9420-9FB05ECAC1B9}"
EndProject
Global
	GlobalSection(SolutionConfigurationPlatforms) = preSolution
		Debug|Any CPU = Debug|Any CPU
		Release|Any CPU = Release|Any CPU
	EndGlobalSection
	GlobalSection(ProjectConfigurationPlatforms) = postSolution
		{716837AF-ECEE-4D78-B4C0-69EBB6E33FE1}.Debug|Any CPU.ActiveCfg = Debug|Any CPU
		{716837AF-ECEE-4D78-B4C0-69EBB6E33FE1}.Debug|Any CPU.Build.0 = Debug|Any CPU
		{716837AF-ECEE-4D78-B4C0-69EBB6E33FE1}.Release|Any CPU.ActiveCfg = Release|Any CPU
		{716837AF-ECEE-4D78-B4C0-69EBB6E33FE1}.Release|Any CPU.Build.0 = Release|Any CPU
		{D38CB307-42A4-458E-8BA3-AADE60E37D6D}.Debug|Any CPU.ActiveCfg = Debug|Any CPU
		{D38CB307-42A4-458E-8BA3-AADE60E37D6D}.Debug|Any CPU.Build.0 = Debug|Any CPU
		{D38CB307-42A4-458E-8BA3-AADE60E37D6D}.Release|Any CPU.ActiveCfg = Release|Any CPU
		{D38CB307-42A4-458E-8BA3-AADE60E37D6D}.Release|Any CPU.Build.0 = Release|Any CPU
		{652CAB5E-1EF9-40A8-9ADA-A2EA6B9FA124}.Debug|Any CPU.ActiveCfg = Debug|Any CPU
		{652CAB5E-1EF9-40A8-9ADA-A2EA6B9FA124}.Debug|Any CPU.Build.0 = Debug|Any CPU
		{652CAB5E-1EF9-40A8-9ADA-A2EA6B9FA124}.Release|Any CPU.ActiveCfg = Release|Any CPU
		{652CAB5E-1EF9-40A8-9ADA-A2EA6B9FA124}.Release|Any CPU.Build.0 = Release|Any CPU
		{013FE2DD-FA23-4AF9-96A5-C29D930AEC26}.Debug|Any CPU.ActiveCfg = Debug|Any CPU
		{013FE2DD-FA23-4AF9-96A5-C29D930AEC26}.Debug|Any CPU.Build.0 = Debug|Any CPU
		{013FE2DD-FA23-4AF9-96A5-C29D930AEC26}.Release|Any CPU.ActiveCfg = Release|Any CPU
		{013FE2DD-FA23-4AF9-96A5-C29D930AEC26}.Release|Any CPU.Build.0 = Release|Any CPU
		{4E0D8FEC-05CF-4326-8065-13AD3C521A2B}.Debug|Any CPU.ActiveCfg = Debug|Any CPU
		{4E0D8FEC-05CF-4326-8065-13AD3C521A2B}.Debug|Any CPU.Build.0 = Debug|Any CPU
		{4E0D8FEC-05CF-4326-8065-13AD3C521A2B}.Release|Any CPU.ActiveCfg = Release|Any CPU
		{4E0D8FEC-05CF-4326-8065-13AD3C521A2B}.Release|Any CPU.Build.0 = Release|Any CPU
		{E2F49915-7A1E-42B6-BA21-3896E3AD8ACA}.Debug|Any CPU.ActiveCfg = Debug|Any CPU
		{E2F49915-7A1E-42B6-BA21-3896E3AD8ACA}.Debug|Any CPU.Build.0 = Debug|Any CPU
		{E2F49915-7A1E-42B6-BA21-3896E3AD8ACA}.Release|Any CPU.ActiveCfg = Release|Any CPU
		{E2F49915-7A1E-42B6-BA21-3896E3AD8ACA}.Release|Any CPU.Build.0 = Release|Any CPU
		{69C5396A-54EE-45CB-BB7C-3F4E74B7FD4B}.Debug|Any CPU.ActiveCfg = Debug|Any CPU
		{69C5396A-54EE-45CB-BB7C-3F4E74B7FD4B}.Debug|Any CPU.Build.0 = Debug|Any CPU
		{69C5396A-54EE-45CB-BB7C-3F4E74B7FD4B}.Release|Any CPU.ActiveCfg = Release|Any CPU
		{69C5396A-54EE-45CB-BB7C-3F4E74B7FD4B}.Release|Any CPU.Build.0 = Release|Any CPU
		{ADE32C7F-3B76-49E6-9A9B-40BF5F288D71}.Debug|Any CPU.ActiveCfg = Debug|Any CPU
		{ADE32C7F-3B76-49E6-9A9B-40BF5F288D71}.Debug|Any CPU.Build.0 = Debug|Any CPU
		{ADE32C7F-3B76-49E6-9A9B-40BF5F288D71}.Release|Any CPU.ActiveCfg = Release|Any CPU
		{ADE32C7F-3B76-49E6-9A9B-40BF5F288D71}.Release|Any CPU.Build.0 = Release|Any CPU
		{206006AC-9FB8-44C6-A9E6-FC0AC3D00D10}.Debug|Any CPU.ActiveCfg = Debug|Any CPU
		{206006AC-9FB8-44C6-A9E6-FC0AC3D00D10}.Debug|Any CPU.Build.0 = Debug|Any CPU
		{206006AC-9FB8-44C6-A9E6-FC0AC3D00D10}.Release|Any CPU.ActiveCfg = Release|Any CPU
		{206006AC-9FB8-44C6-A9E6-FC0AC3D00D10}.Release|Any CPU.Build.0 = Release|Any CPU
		{E3AE36CB-24DA-4B0B-B917-9D2817DDC36A}.Debug|Any CPU.ActiveCfg = Debug|Any CPU
		{E3AE36CB-24DA-4B0B-B917-9D2817DDC36A}.Debug|Any CPU.Build.0 = Debug|Any CPU
		{E3AE36CB-24DA-4B0B-B917-9D2817DDC36A}.Release|Any CPU.ActiveCfg = Release|Any CPU
		{E3AE36CB-24DA-4B0B-B917-9D2817DDC36A}.Release|Any CPU.Build.0 = Release|Any CPU
		{A5DA91FE-E8C7-4B2F-82A7-B96475EC5D16}.Debug|Any CPU.ActiveCfg = Debug|Any CPU
		{A5DA91FE-E8C7-4B2F-82A7-B96475EC5D16}.Debug|Any CPU.Build.0 = Debug|Any CPU
		{A5DA91FE-E8C7-4B2F-82A7-B96475EC5D16}.Release|Any CPU.ActiveCfg = Release|Any CPU
		{A5DA91FE-E8C7-4B2F-82A7-B96475EC5D16}.Release|Any CPU.Build.0 = Release|Any CPU
		{1C740388-DA8D-4965-9420-9FB05ECAC1B9}.Debug|Any CPU.ActiveCfg = Debug|Any CPU
		{1C740388-DA8D-4965-9420-9FB05ECAC1B9}.Debug|Any CPU.Build.0 = Debug|Any CPU
		{1C740388-DA8D-4965-9420-9FB05ECAC1B9}.Release|Any CPU.ActiveCfg = Release|Any CPU
		{1C740388-DA8D-4965-9420-9FB05ECAC1B9}.Release|Any CPU.Build.0 = Release|Any CPU
	EndGlobalSection
	GlobalSection(SolutionProperties) = preSolution
		HideSolutionNode = FALSE
	EndGlobalSection
	GlobalSection(NestedProjects) = preSolution
		{013FE2DD-FA23-4AF9-96A5-C29D930AEC26} = {727D9BA0-2C7A-42E4-981C-58DC9EB017A4}
		{4E0D8FEC-05CF-4326-8065-13AD3C521A2B} = {727D9BA0-2C7A-42E4-981C-58DC9EB017A4}
		{E2F49915-7A1E-42B6-BA21-3896E3AD8ACA} = {727D9BA0-2C7A-42E4-981C-58DC9EB017A4}
		{69C5396A-54EE-45CB-BB7C-3F4E74B7FD4B} = {1365B883-F29A-4C5F-A27E-BFD63A981B75}
		{ADE32C7F-3B76-49E6-9A9B-40BF5F288D71} = {1365B883-F29A-4C5F-A27E-BFD63A981B75}
		{206006AC-9FB8-44C6-A9E6-FC0AC3D00D10} = {1365B883-F29A-4C5F-A27E-BFD63A981B75}
	EndGlobalSection
EndGlobal
